{
  "requires": true,
  "lockfileVersion": 1,
  "dependencies": {
    "@fortawesome/fontawesome-free": {
      "version": "5.15.1"
    },
    "jquery.actual": {
      "version": "1.0.19",
      "resolved": "https://registry.npmjs.org/jquery.actual/-/jquery.actual-1.0.19.tgz",
      "integrity": "sha1-inErhI84jlCIADQUUpJ0t3O5stU="
    }
  }
}
